
Microsoft Visual Studio Solution File, Format Version 12.00
# Visual Studio Version 16
VisualStudioVersion = 16.0.34407.143
MinimumVisualStudioVersion = 10.0.40219.1
Project("{FAE04EC0-301F-11D3-BF4B-00C04F79EFBC}") = "Presentacion", "Presentacion\Presentacion.csproj", "{C83E0096-AA98-432D-BECF-9B91C9DCF3EB}"
EndProject
Project("{FAE04EC0-301F-11D3-BF4B-00C04F79EFBC}") = "dominio", "dominio\dominio.csproj", "{AAA40702-9505-4A0D-A877-E2C9F322AFD0}"
EndProject
Project("{FAE04EC0-301F-11D3-BF4B-00C04F79EFBC}") = "negocio", "negocio\negocio.csproj", "{F8D84097-F2E7-41E0-827A-0D6E9E6AEF3F}"
EndProject
Global
	GlobalSection(SolutionConfigurationPlatforms) = preSolution
		Debug|Any CPU = Debug|Any CPU
		Release|Any CPU = Release|Any CPU
	EndGlobalSection
	GlobalSection(ProjectConfigurationPlatforms) = postSolution
		{C83E0096-AA98-432D-BECF-9B91C9DCF3EB}.Debug|Any CPU.ActiveCfg = Debug|Any CPU
		{C83E0096-AA98-432D-BECF-9B91C9DCF3EB}.Debug|Any CPU.Build.0 = Debug|Any CPU
		{C83E0096-AA98-432D-BECF-9B91C9DCF3EB}.Release|Any CPU.ActiveCfg = Release|Any CPU
		{C83E0096-AA98-432D-BECF-9B91C9DCF3EB}.Release|Any CPU.Build.0 = Release|Any CPU
		{AAA40702-9505-4A0D-A877-E2C9F322AFD0}.Debug|Any CPU.ActiveCfg = Debug|Any CPU
		{AAA40702-9505-4A0D-A877-E2C9F322AFD0}.Debug|Any CPU.Build.0 = Debug|Any CPU
		{AAA40702-9505-4A0D-A877-E2C9F322AFD0}.Release|Any CPU.ActiveCfg = Release|Any CPU
		{AAA40702-9505-4A0D-A877-E2C9F322AFD0}.Release|Any CPU.Build.0 = Release|Any CPU
		{F8D84097-F2E7-41E0-827A-0D6E9E6AEF3F}.Debug|Any CPU.ActiveCfg = Debug|Any CPU
		{F8D84097-F2E7-41E0-827A-0D6E9E6AEF3F}.Debug|Any CPU.Build.0 = Debug|Any CPU
		{F8D84097-F2E7-41E0-827A-0D6E9E6AEF3F}.Release|Any CPU.ActiveCfg = Release|Any CPU
		{F8D84097-F2E7-41E0-827A-0D6E9E6AEF3F}.Release|Any CPU.Build.0 = Release|Any CPU
	EndGlobalSection
	GlobalSection(SolutionProperties) = preSolution
		HideSolutionNode = FALSE
	EndGlobalSection
	GlobalSection(ExtensibilityGlobals) = postSolution
		SolutionGuid = {55862F88-47CE-405A-A752-62D0EF2F2DB3}
	EndGlobalSection
EndGlobal
